{
  "version": 4,
  "terraform_version": "1.7.4",
  "serial": 157,
  "lineage": "44604885-0b7b-e7ae-547e-97577f64b178",
  "outputs": {
    "acr_name": {
      "value": "lindoacr",
      "type": "string"
    },
    "acr_repository_url": {
      "value": "lindoacr.azurecr.io",
      "type": "string"
    },
    "docker_image_name": {
      "value": "hello-world-example:casopractico2",
      "type": "string"
    },
    "linux_vm_name": {
      "value": "linux-vm",
      "type": "string"
    },
    "network_interface_name": {
      "value": "network-nic",
      "type": "string"
    },
    "resource_group_name": {
      "value": "lindo-group",
      "type": "string"
    },
    "virtual_network_name": {
      "value": "virtual-network",
      "type": "string"
    }
  },
  "resources": [
    {
      "mode": "managed",
      "type": "azurerm_container_registry",
      "name": "lindoacr",
      "provider": "provider[\"registry.terraform.io/hashicorp/azurerm\"]",
      "instances": [
        {
          "schema_version": 2,
          "attributes": {
            "admin_enabled": true,
            "admin_password": "BGSMHi6/CjldP64fo/b1ZHtB0PC1Q1/n7p1/ot7DCl+ACRCNRuLT",
            "admin_username": "lindoacr",
            "anonymous_pull_enabled": false,
            "data_endpoint_enabled": false,
            "encryption": [
              {
                "enabled": false,
                "identity_client_id": "",
                "key_vault_key_id": ""
              }
            ],
            "export_policy_enabled": true,
            "georeplications": [],
            "id": "/subscriptions/49cc1690-063d-4466-b8df-9464021b1605/resourceGroups/lindo-group/providers/Microsoft.ContainerRegistry/registries/lindoacr",
            "identity": [],
            "location": "eastus",
            "login_server": "lindoacr.azurecr.io",
            "name": "lindoacr",
            "network_rule_bypass_option": "AzureServices",
            "network_rule_set": [],
            "public_network_access_enabled": true,
            "quarantine_policy_enabled": false,
            "resource_group_name": "lindo-group",
            "retention_policy": [
              {
                "days": 7,
                "enabled": false
              }
            ],
            "sku": "Basic",
            "tags": null,
            "timeouts": null,
            "trust_policy": [
              {
                "enabled": false
              }
            ],
            "zone_redundancy_enabled": false
          },
          "sensitive_attributes": [],
          "private": "eyJlMmJmYjczMC1lY2FhLTExZTYtOGY4OC0zNDM2M2JjN2M0YzAiOnsiY3JlYXRlIjoxODAwMDAwMDAwMDAwLCJkZWxldGUiOjE4MDAwMDAwMDAwMDAsInJlYWQiOjMwMDAwMDAwMDAwMCwidXBkYXRlIjoxODAwMDAwMDAwMDAwfSwic2NoZW1hX3ZlcnNpb24iOiIyIn0=",
          "dependencies": [
            "azurerm_resource_group.lindo"
          ]
        }
      ]
    },
    {
      "mode": "managed",
      "type": "azurerm_linux_virtual_machine",
      "name": "linuxmachine",
      "provider": "provider[\"registry.terraform.io/hashicorp/azurerm\"]",
      "instances": [
        {
          "schema_version": 0,
          "attributes": {
            "additional_capabilities": [],
            "admin_password": null,
            "admin_ssh_key": [
              {
                "public_key": "ssh-rsa AAAAB3NzaC1yc2EAAAADAQABAAABgQDPuP1AEIMLEEms26dcmxYF3wQUfocHUitOO8ztHci8F/2vfzzM3qqsGgcA7J07cXR0YaMrqwIkRfVAdjq8CmltRbUDpw9K+7TK4Ya5bCs1khZW37wyDsAi45b4rzUig3gLtvvqAexFH9n3MI3MXhHAdroLQVS5ty56H++EiAyA7XxXxxabQCwEumgwptppDVkC+l+zSUNhscIUGwU0I4wbLJqGi8BfHBPodBpLru/GKFXB7/qhqMk5WNMbrp6uAewd+cJhMWg3BurA9MbSbfF3+fYqwbIvC1vnJ2oQ7Gudj0wEy+gRiilgx2qeZfsH6F6bchQAs7H0DXBeQCyyADn0KuEVxSSEMA2HQT6u2QqrqpOcdQ0WxrJm3eVP+zozvAqz5bDBhlyI+XO0TRgEcF/e9NchGyg74ai0zirGkltr0tqbVa6WVoTOJvsys0uRu3Rib9XczhwxfJdInK5JPjsLh1GkGIUUexif1/02Uy+a+k2f72w83R4pZzWUjD7e6ZU= javil@LAPTOP-BMDH4579\n",
                "username": "adminuser"
              }
            ],
            "admin_username": "adminuser",
            "allow_extension_operations": true,
            "availability_set_id": "",
            "boot_diagnostics": [],
            "bypass_platform_safety_checks_on_user_schedule_enabled": false,
            "capacity_reservation_group_id": "",
            "computer_name": "linux-vm",
            "custom_data": null,
            "dedicated_host_group_id": "",
            "dedicated_host_id": "",
            "disable_password_authentication": true,
            "edge_zone": "",
            "encryption_at_host_enabled": false,
            "eviction_policy": "",
            "extensions_time_budget": "PT1H30M",
            "gallery_application": [],
            "id": "/subscriptions/49cc1690-063d-4466-b8df-9464021b1605/resourceGroups/lindo-group/providers/Microsoft.Compute/virtualMachines/linux-vm",
            "identity": [],
            "license_type": "",
            "location": "eastus",
            "max_bid_price": -1,
            "name": "linux-vm",
            "network_interface_ids": [
              "/subscriptions/49cc1690-063d-4466-b8df-9464021b1605/resourceGroups/lindo-group/providers/Microsoft.Network/networkInterfaces/network-nic"
            ],
            "os_disk": [
              {
                "caching": "ReadWrite",
                "diff_disk_settings": [],
                "disk_encryption_set_id": "",
                "disk_size_gb": 30,
                "name": "linux-vm_disk1_f009e073663045e1aef4bf92bfbef028",
                "secure_vm_disk_encryption_set_id": "",
                "security_encryption_type": "",
                "storage_account_type": "Standard_LRS",
                "write_accelerator_enabled": false
              }
            ],
            "patch_assessment_mode": "ImageDefault",
            "patch_mode": "ImageDefault",
            "plan": [],
            "platform_fault_domain": -1,
            "priority": "Regular",
            "private_ip_address": "10.0.1.4",
            "private_ip_addresses": [
              "10.0.1.4"
            ],
            "provision_vm_agent": true,
            "proximity_placement_group_id": "",
            "public_ip_address": "52.170.89.124",
            "public_ip_addresses": [
              "52.170.89.124"
            ],
            "reboot_setting": "",
            "resource_group_name": "lindo-group",
            "secret": [],
            "secure_boot_enabled": false,
            "size": "Standard_DS2_v2",
            "source_image_id": "",
            "source_image_reference": [
              {
                "offer": "0001-com-ubuntu-server-focal",
                "publisher": "Canonical",
                "sku": "20_04-lts-gen2",
                "version": "latest"
              }
            ],
            "tags": null,
            "termination_notification": null,
            "timeouts": null,
            "user_data": "",
            "virtual_machine_id": "5f3b67b8-3409-4038-9e12-783b8de8c820",
            "virtual_machine_scale_set_id": "",
            "vtpm_enabled": false,
            "zone": ""
          },
          "sensitive_attributes": [],
          "private": "eyJlMmJmYjczMC1lY2FhLTExZTYtOGY4OC0zNDM2M2JjN2M0YzAiOnsiY3JlYXRlIjoyNzAwMDAwMDAwMDAwLCJkZWxldGUiOjI3MDAwMDAwMDAwMDAsInJlYWQiOjMwMDAwMDAwMDAwMCwidXBkYXRlIjoyNzAwMDAwMDAwMDAwfX0=",
          "dependencies": [
            "azurerm_network_interface.network",
            "azurerm_public_ip.public_ip",
            "azurerm_resource_group.lindo",
            "azurerm_ssh_public_key.key",
            "azurerm_subnet.network",
            "azurerm_virtual_network.network"
          ]
        }
      ]
    },
    {
      "mode": "managed",
      "type": "azurerm_network_interface",
      "name": "network",
      "provider": "provider[\"registry.terraform.io/hashicorp/azurerm\"]",
      "instances": [
        {
          "schema_version": 0,
          "attributes": {
            "applied_dns_servers": [],
            "auxiliary_mode": "",
            "auxiliary_sku": "",
            "dns_servers": [],
            "edge_zone": "",
            "enable_accelerated_networking": false,
            "enable_ip_forwarding": false,
            "id": "/subscriptions/49cc1690-063d-4466-b8df-9464021b1605/resourceGroups/lindo-group/providers/Microsoft.Network/networkInterfaces/network-nic",
            "internal_dns_name_label": "",
            "internal_domain_name_suffix": "1imhe020wmmu3esm31k3l2emug.bx.internal.cloudapp.net",
            "ip_configuration": [
              {
                "gateway_load_balancer_frontend_ip_configuration_id": "",
                "name": "internal",
                "primary": true,
                "private_ip_address": "10.0.1.4",
                "private_ip_address_allocation": "Dynamic",
                "private_ip_address_version": "IPv4",
                "public_ip_address_id": "/subscriptions/49cc1690-063d-4466-b8df-9464021b1605/resourceGroups/lindo-group/providers/Microsoft.Network/publicIPAddresses/public-ip",
                "subnet_id": "/subscriptions/49cc1690-063d-4466-b8df-9464021b1605/resourceGroups/lindo-group/providers/Microsoft.Network/virtualNetworks/virtual-network/subnets/subnet1"
              }
            ],
            "location": "eastus",
            "mac_address": "",
            "name": "network-nic",
            "private_ip_address": "10.0.1.4",
            "private_ip_addresses": [
              "10.0.1.4"
            ],
            "resource_group_name": "lindo-group",
            "tags": null,
            "timeouts": null,
            "virtual_machine_id": ""
          },
          "sensitive_attributes": [],
          "private": "eyJlMmJmYjczMC1lY2FhLTExZTYtOGY4OC0zNDM2M2JjN2M0YzAiOnsiY3JlYXRlIjoxODAwMDAwMDAwMDAwLCJkZWxldGUiOjE4MDAwMDAwMDAwMDAsInJlYWQiOjMwMDAwMDAwMDAwMCwidXBkYXRlIjoxODAwMDAwMDAwMDAwfX0=",
          "dependencies": [
            "azurerm_public_ip.public_ip",
            "azurerm_resource_group.lindo",
            "azurerm_subnet.network",
            "azurerm_virtual_network.network"
          ]
        }
      ]
    },
    {
      "mode": "managed",
      "type": "azurerm_network_interface_security_group_association",
      "name": "webserver_nsg_association",
      "provider": "provider[\"registry.terraform.io/hashicorp/azurerm\"]",
      "instances": [
        {
          "schema_version": 0,
          "attributes": {
            "id": "/subscriptions/49cc1690-063d-4466-b8df-9464021b1605/resourceGroups/lindo-group/providers/Microsoft.Network/networkInterfaces/network-nic|/subscriptions/49cc1690-063d-4466-b8df-9464021b1605/resourceGroups/lindo-group/providers/Microsoft.Network/networkSecurityGroups/webserver-nsg",
            "network_interface_id": "/subscriptions/49cc1690-063d-4466-b8df-9464021b1605/resourceGroups/lindo-group/providers/Microsoft.Network/networkInterfaces/network-nic",
            "network_security_group_id": "/subscriptions/49cc1690-063d-4466-b8df-9464021b1605/resourceGroups/lindo-group/providers/Microsoft.Network/networkSecurityGroups/webserver-nsg",
            "timeouts": null
          },
          "sensitive_attributes": [],
          "private": "eyJlMmJmYjczMC1lY2FhLTExZTYtOGY4OC0zNDM2M2JjN2M0YzAiOnsiY3JlYXRlIjoxODAwMDAwMDAwMDAwLCJkZWxldGUiOjE4MDAwMDAwMDAwMDAsInJlYWQiOjMwMDAwMDAwMDAwMH19",
          "dependencies": [
            "azurerm_network_interface.network",
            "azurerm_network_security_group.webserver_nsg",
            "azurerm_public_ip.public_ip",
            "azurerm_resource_group.lindo",
            "azurerm_subnet.network",
            "azurerm_virtual_network.network"
          ]
        }
      ]
    },
    {
      "mode": "managed",
      "type": "azurerm_network_security_group",
      "name": "webserver_nsg",
      "provider": "provider[\"registry.terraform.io/hashicorp/azurerm\"]",
      "instances": [
        {
          "schema_version": 0,
          "attributes": {
            "id": "/subscriptions/49cc1690-063d-4466-b8df-9464021b1605/resourceGroups/lindo-group/providers/Microsoft.Network/networkSecurityGroups/webserver-nsg",
            "location": "eastus",
            "name": "webserver-nsg",
            "resource_group_name": "lindo-group",
            "security_rule": [],
            "tags": null,
            "timeouts": null
          },
          "sensitive_attributes": [],
          "private": "eyJlMmJmYjczMC1lY2FhLTExZTYtOGY4OC0zNDM2M2JjN2M0YzAiOnsiY3JlYXRlIjoxODAwMDAwMDAwMDAwLCJkZWxldGUiOjE4MDAwMDAwMDAwMDAsInJlYWQiOjMwMDAwMDAwMDAwMCwidXBkYXRlIjoxODAwMDAwMDAwMDAwfX0=",
          "dependencies": [
            "azurerm_resource_group.lindo"
          ]
        }
      ]
    },
    {
      "mode": "managed",
      "type": "azurerm_network_security_rule",
      "name": "http",
      "provider": "provider[\"registry.terraform.io/hashicorp/azurerm\"]",
      "instances": [
        {
          "schema_version": 0,
          "attributes": {
            "access": "Allow",
            "description": "",
            "destination_address_prefix": "*",
            "destination_address_prefixes": null,
            "destination_application_security_group_ids": null,
            "destination_port_range": "80",
            "destination_port_ranges": null,
            "direction": "Inbound",
            "id": "/subscriptions/49cc1690-063d-4466-b8df-9464021b1605/resourceGroups/lindo-group/providers/Microsoft.Network/networkSecurityGroups/webserver-nsg/securityRules/http",
            "name": "http",
            "network_security_group_name": "webserver-nsg",
            "priority": 1002,
            "protocol": "Tcp",
            "resource_group_name": "lindo-group",
            "source_address_prefix": "*",
            "source_address_prefixes": null,
            "source_application_security_group_ids": null,
            "source_port_range": "*",
            "source_port_ranges": null,
            "timeouts": null
          },
          "sensitive_attributes": [],
          "private": "eyJlMmJmYjczMC1lY2FhLTExZTYtOGY4OC0zNDM2M2JjN2M0YzAiOnsiY3JlYXRlIjoxODAwMDAwMDAwMDAwLCJkZWxldGUiOjE4MDAwMDAwMDAwMDAsInJlYWQiOjMwMDAwMDAwMDAwMCwidXBkYXRlIjoxODAwMDAwMDAwMDAwfX0=",
          "dependencies": [
            "azurerm_network_security_group.webserver_nsg",
            "azurerm_resource_group.lindo"
          ]
        }
      ]
    },
    {
      "mode": "managed",
      "type": "azurerm_network_security_rule",
      "name": "https",
      "provider": "provider[\"registry.terraform.io/hashicorp/azurerm\"]",
      "instances": [
        {
          "schema_version": 0,
          "attributes": {
            "access": "Allow",
            "description": "",
            "destination_address_prefix": "*",
            "destination_address_prefixes": null,
            "destination_application_security_group_ids": null,
            "destination_port_range": "443",
            "destination_port_ranges": null,
            "direction": "Inbound",
            "id": "/subscriptions/49cc1690-063d-4466-b8df-9464021b1605/resourceGroups/lindo-group/providers/Microsoft.Network/networkSecurityGroups/webserver-nsg/securityRules/https",
            "name": "https",
            "network_security_group_name": "webserver-nsg",
            "priority": 1003,
            "protocol": "Tcp",
            "resource_group_name": "lindo-group",
            "source_address_prefix": "*",
            "source_address_prefixes": null,
            "source_application_security_group_ids": null,
            "source_port_range": "*",
            "source_port_ranges": null,
            "timeouts": null
          },
          "sensitive_attributes": [],
          "private": "eyJlMmJmYjczMC1lY2FhLTExZTYtOGY4OC0zNDM2M2JjN2M0YzAiOnsiY3JlYXRlIjoxODAwMDAwMDAwMDAwLCJkZWxldGUiOjE4MDAwMDAwMDAwMDAsInJlYWQiOjMwMDAwMDAwMDAwMCwidXBkYXRlIjoxODAwMDAwMDAwMDAwfX0=",
          "dependencies": [
            "azurerm_network_security_group.webserver_nsg",
            "azurerm_resource_group.lindo"
          ]
        }
      ]
    },
    {
      "mode": "managed",
      "type": "azurerm_network_security_rule",
      "name": "ssh",
      "provider": "provider[\"registry.terraform.io/hashicorp/azurerm\"]",
      "instances": [
        {
          "schema_version": 0,
          "attributes": {
            "access": "Allow",
            "description": "",
            "destination_address_prefix": "*",
            "destination_address_prefixes": null,
            "destination_application_security_group_ids": null,
            "destination_port_range": "22",
            "destination_port_ranges": null,
            "direction": "Inbound",
            "id": "/subscriptions/49cc1690-063d-4466-b8df-9464021b1605/resourceGroups/lindo-group/providers/Microsoft.Network/networkSecurityGroups/webserver-nsg/securityRules/ssh",
            "name": "ssh",
            "network_security_group_name": "webserver-nsg",
            "priority": 1001,
            "protocol": "Tcp",
            "resource_group_name": "lindo-group",
            "source_address_prefix": "*",
            "source_address_prefixes": null,
            "source_application_security_group_ids": null,
            "source_port_range": "*",
            "source_port_ranges": null,
            "timeouts": null
          },
          "sensitive_attributes": [],
          "private": "eyJlMmJmYjczMC1lY2FhLTExZTYtOGY4OC0zNDM2M2JjN2M0YzAiOnsiY3JlYXRlIjoxODAwMDAwMDAwMDAwLCJkZWxldGUiOjE4MDAwMDAwMDAwMDAsInJlYWQiOjMwMDAwMDAwMDAwMCwidXBkYXRlIjoxODAwMDAwMDAwMDAwfX0=",
          "dependencies": [
            "azurerm_network_security_group.webserver_nsg",
            "azurerm_resource_group.lindo"
          ]
        }
      ]
    },
    {
      "mode": "managed",
      "type": "azurerm_public_ip",
      "name": "public_ip",
      "provider": "provider[\"registry.terraform.io/hashicorp/azurerm\"]",
      "instances": [
        {
          "schema_version": 0,
          "attributes": {
            "allocation_method": "Dynamic",
            "ddos_protection_mode": "VirtualNetworkInherited",
            "ddos_protection_plan_id": null,
            "domain_name_label": null,
            "edge_zone": "",
            "fqdn": null,
            "id": "/subscriptions/49cc1690-063d-4466-b8df-9464021b1605/resourceGroups/lindo-group/providers/Microsoft.Network/publicIPAddresses/public-ip",
            "idle_timeout_in_minutes": 4,
            "ip_address": "",
            "ip_tags": null,
            "ip_version": "IPv4",
            "location": "eastus",
            "name": "public-ip",
            "public_ip_prefix_id": null,
            "resource_group_name": "lindo-group",
            "reverse_fqdn": null,
            "sku": "Basic",
            "sku_tier": "Regional",
            "tags": null,
            "timeouts": null,
            "zones": null
          },
          "sensitive_attributes": [],
          "private": "eyJlMmJmYjczMC1lY2FhLTExZTYtOGY4OC0zNDM2M2JjN2M0YzAiOnsiY3JlYXRlIjoxODAwMDAwMDAwMDAwLCJkZWxldGUiOjE4MDAwMDAwMDAwMDAsInJlYWQiOjMwMDAwMDAwMDAwMCwidXBkYXRlIjoxODAwMDAwMDAwMDAwfX0=",
          "dependencies": [
            "azurerm_resource_group.lindo"
          ]
        }
      ]
    },
    {
      "mode": "managed",
      "type": "azurerm_resource_group",
      "name": "lindo",
      "provider": "provider[\"registry.terraform.io/hashicorp/azurerm\"]",
      "instances": [
        {
          "schema_version": 0,
          "attributes": {
            "id": "/subscriptions/49cc1690-063d-4466-b8df-9464021b1605/resourceGroups/lindo-group",
            "location": "eastus",
            "managed_by": "",
            "name": "lindo-group",
            "tags": null,
            "timeouts": null
          },
          "sensitive_attributes": [],
          "private": "eyJlMmJmYjczMC1lY2FhLTExZTYtOGY4OC0zNDM2M2JjN2M0YzAiOnsiY3JlYXRlIjo1NDAwMDAwMDAwMDAwLCJkZWxldGUiOjU0MDAwMDAwMDAwMDAsInJlYWQiOjMwMDAwMDAwMDAwMCwidXBkYXRlIjo1NDAwMDAwMDAwMDAwfX0="
        }
      ]
    },
    {
      "mode": "managed",
      "type": "azurerm_ssh_public_key",
      "name": "key",
      "provider": "provider[\"registry.terraform.io/hashicorp/azurerm\"]",
      "instances": [
        {
          "schema_version": 0,
          "attributes": {
            "id": "/subscriptions/49cc1690-063d-4466-b8df-9464021b1605/resourceGroups/lindo-group/providers/Microsoft.Compute/sshPublicKeys/sshkey",
            "location": "eastus",
            "name": "sshkey",
            "public_key": "ssh-rsa AAAAB3NzaC1yc2EAAAADAQABAAABgQDPuP1AEIMLEEms26dcmxYF3wQUfocHUitOO8ztHci8F/2vfzzM3qqsGgcA7J07cXR0YaMrqwIkRfVAdjq8CmltRbUDpw9K+7TK4Ya5bCs1khZW37wyDsAi45b4rzUig3gLtvvqAexFH9n3MI3MXhHAdroLQVS5ty56H++EiAyA7XxXxxabQCwEumgwptppDVkC+l+zSUNhscIUGwU0I4wbLJqGi8BfHBPodBpLru/GKFXB7/qhqMk5WNMbrp6uAewd+cJhMWg3BurA9MbSbfF3+fYqwbIvC1vnJ2oQ7Gudj0wEy+gRiilgx2qeZfsH6F6bchQAs7H0DXBeQCyyADn0KuEVxSSEMA2HQT6u2QqrqpOcdQ0WxrJm3eVP+zozvAqz5bDBhlyI+XO0TRgEcF/e9NchGyg74ai0zirGkltr0tqbVa6WVoTOJvsys0uRu3Rib9XczhwxfJdInK5JPjsLh1GkGIUUexif1/02Uy+a+k2f72w83R4pZzWUjD7e6ZU= javil@LAPTOP-BMDH4579\n",
            "resource_group_name": "lindo-group",
            "tags": null,
            "timeouts": null
          },
          "sensitive_attributes": [],
          "private": "eyJlMmJmYjczMC1lY2FhLTExZTYtOGY4OC0zNDM2M2JjN2M0YzAiOnsiY3JlYXRlIjoyNzAwMDAwMDAwMDAwLCJkZWxldGUiOjI3MDAwMDAwMDAwMDAsInJlYWQiOjMwMDAwMDAwMDAwMCwidXBkYXRlIjoyNzAwMDAwMDAwMDAwfX0=",
          "dependencies": [
            "azurerm_resource_group.lindo"
          ]
        }
      ]
    },
    {
      "mode": "managed",
      "type": "azurerm_subnet",
      "name": "network",
      "provider": "provider[\"registry.terraform.io/hashicorp/azurerm\"]",
      "instances": [
        {
          "schema_version": 0,
          "attributes": {
            "address_prefixes": [
              "10.0.1.0/24"
            ],
            "delegation": [],
            "enforce_private_link_endpoint_network_policies": false,
            "enforce_private_link_service_network_policies": false,
            "id": "/subscriptions/49cc1690-063d-4466-b8df-9464021b1605/resourceGroups/lindo-group/providers/Microsoft.Network/virtualNetworks/virtual-network/subnets/subnet1",
            "name": "subnet1",
            "private_endpoint_network_policies_enabled": true,
            "private_link_service_network_policies_enabled": true,
            "resource_group_name": "lindo-group",
            "service_endpoint_policy_ids": null,
            "service_endpoints": null,
            "timeouts": null,
            "virtual_network_name": "virtual-network"
          },
          "sensitive_attributes": [],
          "private": "eyJlMmJmYjczMC1lY2FhLTExZTYtOGY4OC0zNDM2M2JjN2M0YzAiOnsiY3JlYXRlIjoxODAwMDAwMDAwMDAwLCJkZWxldGUiOjE4MDAwMDAwMDAwMDAsInJlYWQiOjMwMDAwMDAwMDAwMCwidXBkYXRlIjoxODAwMDAwMDAwMDAwfX0=",
          "dependencies": [
            "azurerm_resource_group.lindo",
            "azurerm_virtual_network.network"
          ]
        }
      ]
    },
    {
      "mode": "managed",
      "type": "azurerm_virtual_network",
      "name": "network",
      "provider": "provider[\"registry.terraform.io/hashicorp/azurerm\"]",
      "instances": [
        {
          "schema_version": 0,
          "attributes": {
            "address_space": [
              "10.0.0.0/16"
            ],
            "bgp_community": "",
            "ddos_protection_plan": [],
            "dns_servers": [],
            "edge_zone": "",
            "encryption": [],
            "flow_timeout_in_minutes": 0,
            "guid": "6b7218da-b39a-4e19-924c-eed5d5f08ca6",
            "id": "/subscriptions/49cc1690-063d-4466-b8df-9464021b1605/resourceGroups/lindo-group/providers/Microsoft.Network/virtualNetworks/virtual-network",
            "location": "eastus",
            "name": "virtual-network",
            "resource_group_name": "lindo-group",
            "subnet": [],
            "tags": null,
            "timeouts": null
          },
          "sensitive_attributes": [],
          "private": "eyJlMmJmYjczMC1lY2FhLTExZTYtOGY4OC0zNDM2M2JjN2M0YzAiOnsiY3JlYXRlIjoxODAwMDAwMDAwMDAwLCJkZWxldGUiOjE4MDAwMDAwMDAwMDAsInJlYWQiOjMwMDAwMDAwMDAwMCwidXBkYXRlIjoxODAwMDAwMDAwMDAwfX0=",
          "dependencies": [
            "azurerm_resource_group.lindo"
          ]
        }
      ]
    },
    {
      "mode": "managed",
      "type": "null_resource",
      "name": "upload_image_to_acr",
      "provider": "provider[\"registry.terraform.io/hashicorp/null\"]",
      "instances": [
        {
          "schema_version": 0,
          "attributes": {
            "id": "1499931376",
            "triggers": null
          },
          "sensitive_attributes": [],
          "dependencies": [
            "azurerm_container_registry.lindoacr",
            "azurerm_resource_group.lindo"
          ]
        }
      ]
    }
  ],
  "check_results": null
}
