{
  "version": 4,
  "terraform_version": "1.7.4",
  "serial": 46,
  "lineage": "44604885-0b7b-e7ae-547e-97577f64b178",
  "outputs": {
    "acr_name": {
      "value": "lindoacr",
      "type": "string"
    },
    "acr_repository_url": {
      "value": "lindoacr.azurecr.io",
      "type": "string"
    },
    "docker_image_name": {
      "value": "hello-world-example:casopractico2",
      "type": "string"
    },
    "resource_group_name": {
      "value": "lindo-group",
      "type": "string"
    }
  },
  "resources": [
    {
      "mode": "managed",
      "type": "azurerm_container_registry",
      "name": "lindoacr",
      "provider": "provider[\"registry.terraform.io/hashicorp/azurerm\"]",
      "instances": [
        {
          "schema_version": 2,
          "attributes": {
            "admin_enabled": true,
            "admin_password": "FLrGmLlAIyDKA3bqbH6oN2U78q7T6E1oL9iy/vpA9e+ACRCEuMyU",
            "admin_username": "lindoacr",
            "anonymous_pull_enabled": false,
            "data_endpoint_enabled": false,
            "encryption": [
              {
                "enabled": false,
                "identity_client_id": "",
                "key_vault_key_id": ""
              }
            ],
            "export_policy_enabled": true,
            "georeplications": [],
            "id": "/subscriptions/49cc1690-063d-4466-b8df-9464021b1605/resourceGroups/lindo-group/providers/Microsoft.ContainerRegistry/registries/lindoacr",
            "identity": [],
            "location": "eastus",
            "login_server": "lindoacr.azurecr.io",
            "name": "lindoacr",
            "network_rule_bypass_option": "AzureServices",
            "network_rule_set": [],
            "public_network_access_enabled": true,
            "quarantine_policy_enabled": false,
            "resource_group_name": "lindo-group",
            "retention_policy": [
              {
                "days": 7,
                "enabled": false
              }
            ],
            "sku": "Basic",
            "tags": {},
            "timeouts": null,
            "trust_policy": [
              {
                "enabled": false
              }
            ],
            "zone_redundancy_enabled": false
          },
          "sensitive_attributes": [],
          "private": "eyJlMmJmYjczMC1lY2FhLTExZTYtOGY4OC0zNDM2M2JjN2M0YzAiOnsiY3JlYXRlIjoxODAwMDAwMDAwMDAwLCJkZWxldGUiOjE4MDAwMDAwMDAwMDAsInJlYWQiOjMwMDAwMDAwMDAwMCwidXBkYXRlIjoxODAwMDAwMDAwMDAwfSwic2NoZW1hX3ZlcnNpb24iOiIyIn0=",
          "dependencies": [
            "azurerm_resource_group.lindo"
          ]
        }
      ]
    },
    {
      "mode": "managed",
      "type": "azurerm_resource_group",
      "name": "lindo",
      "provider": "provider[\"registry.terraform.io/hashicorp/azurerm\"]",
      "instances": [
        {
          "schema_version": 0,
          "attributes": {
            "id": "/subscriptions/49cc1690-063d-4466-b8df-9464021b1605/resourceGroups/lindo-group",
            "location": "eastus",
            "managed_by": "",
            "name": "lindo-group",
            "tags": {},
            "timeouts": null
          },
          "sensitive_attributes": [],
          "private": "eyJlMmJmYjczMC1lY2FhLTExZTYtOGY4OC0zNDM2M2JjN2M0YzAiOnsiY3JlYXRlIjo1NDAwMDAwMDAwMDAwLCJkZWxldGUiOjU0MDAwMDAwMDAwMDAsInJlYWQiOjMwMDAwMDAwMDAwMCwidXBkYXRlIjo1NDAwMDAwMDAwMDAwfX0="
        }
      ]
    },
    {
      "mode": "managed",
      "type": "null_resource",
      "name": "upload_image_to_acr",
      "provider": "provider[\"registry.terraform.io/hashicorp/null\"]",
      "instances": [
        {
          "status": "tainted",
          "schema_version": 0,
          "attributes": {
            "id": "1705528600",
            "triggers": null
          },
          "sensitive_attributes": [],
          "dependencies": [
            "azurerm_container_registry.lindoacr",
            "azurerm_resource_group.lindo"
          ]
        }
      ]
    }
  ],
  "check_results": null
}
